
Microsoft Visual Studio Solution File, Format Version 12.00
# Visual Studio Version 17
VisualStudioVersion = 17.8.34330.188
MinimumVisualStudioVersion = 10.0.40219.1
Project("{2150E333-8FDC-42A3-9474-1A3956D46DE8}") = "Console", "Console", "{05779C64-4BF0-422D-8BAD-0161818B0B8B}"
EndProject
Project("{2150E333-8FDC-42A3-9474-1A3956D46DE8}") = "Infrastructure", "Infrastructure", "{BF986E77-D7A1-41B7-BB3F-9FE81F418B4F}"
EndProject
Project("{2150E333-8FDC-42A3-9474-1A3956D46DE8}") = "Domain", "Domain", "{64944318-592F-48C3-9989-CC31430EBC5B}"
EndProject
Project("{9A19103F-16F7-4668-BE54-9A1E7A4F7556}") = "MetaExchange.Console", "Console\MetaExchange.Console.csproj", "{E69BA1D8-64BA-4D6C-BAE7-BCC1674A944F}"
EndProject
Project("{9A19103F-16F7-4668-BE54-9A1E7A4F7556}") = "OrderManagement.Infrastructure", "Infrastructure\OrderManagement\OrderManagement.Infrastructure.csproj", "{C4C64CC2-D619-419D-893F-27FA30EC9194}"
EndProject
Project("{FAE04EC0-301F-11D3-BF4B-00C04F79EFBC}") = "OrderManagement.Impl", "Domain\OrderManagement\OrderManagement.Impl\OrderManagement.Impl.csproj", "{6D4DE607-ABE2-4F09-B488-D34C29E49D95}"
EndProject
Project("{FAE04EC0-301F-11D3-BF4B-00C04F79EFBC}") = "OrderManagement.Interfaces", "Domain\OrderManagement\OrderManagement.Interfaces\OrderManagement.Interfaces.csproj", "{F966E50E-EDA6-4A82-A2CB-202A74C05982}"
EndProject
Project("{2150E333-8FDC-42A3-9474-1A3956D46DE8}") = "Application", "Application", "{49B6F41C-8B50-4D14-8446-817C4CE0C609}"
EndProject
Project("{2150E333-8FDC-42A3-9474-1A3956D46DE8}") = "Services", "Services", "{D377E319-707A-4048-99C9-236298D9A503}"
EndProject
Project("{2150E333-8FDC-42A3-9474-1A3956D46DE8}") = "OrderService", "OrderService", "{E5EB670C-EFFA-49A2-9623-5F82057FA610}"
EndProject
Project("{FAE04EC0-301F-11D3-BF4B-00C04F79EFBC}") = "OrderService.Impl", "Application\Services\OrderService\OrderService.Impl\OrderService.Impl.csproj", "{920B2D32-BB7F-4BA0-B799-85777B1A7B2D}"
EndProject
Project("{FAE04EC0-301F-11D3-BF4B-00C04F79EFBC}") = "OrderService.Interfaces", "Application\Services\OrderService\OrderService.Interfaces\OrderService.Interfaces.csproj", "{21604E55-7D79-4DBA-AADF-D418DD40B433}"
EndProject
Project("{2150E333-8FDC-42A3-9474-1A3956D46DE8}") = "Presentation", "Presentation", "{EF8F72D5-B788-4A0B-A24B-C730FC23AEF8}"
EndProject
Project("{2150E333-8FDC-42A3-9474-1A3956D46DE8}") = "MetaExchange", "MetaExchange", "{0A81879B-F087-4B72-936F-36303427B7AE}"
EndProject
Project("{FAE04EC0-301F-11D3-BF4B-00C04F79EFBC}") = "MetaExchange.Api", "Presentation\MetaExchange\MetaExchange.Api\MetaExchange.Api.csproj", "{2E127ECF-740E-4E85-8DCE-A8C63777EA77}"
EndProject
Global
	GlobalSection(SolutionConfigurationPlatforms) = preSolution
		Debug|Any CPU = Debug|Any CPU
		Release|Any CPU = Release|Any CPU
	EndGlobalSection
	GlobalSection(ProjectConfigurationPlatforms) = postSolution
		{E69BA1D8-64BA-4D6C-BAE7-BCC1674A944F}.Debug|Any CPU.ActiveCfg = Debug|Any CPU
		{E69BA1D8-64BA-4D6C-BAE7-BCC1674A944F}.Debug|Any CPU.Build.0 = Debug|Any CPU
		{E69BA1D8-64BA-4D6C-BAE7-BCC1674A944F}.Release|Any CPU.ActiveCfg = Release|Any CPU
		{E69BA1D8-64BA-4D6C-BAE7-BCC1674A944F}.Release|Any CPU.Build.0 = Release|Any CPU
		{C4C64CC2-D619-419D-893F-27FA30EC9194}.Debug|Any CPU.ActiveCfg = Debug|Any CPU
		{C4C64CC2-D619-419D-893F-27FA30EC9194}.Debug|Any CPU.Build.0 = Debug|Any CPU
		{C4C64CC2-D619-419D-893F-27FA30EC9194}.Release|Any CPU.ActiveCfg = Release|Any CPU
		{C4C64CC2-D619-419D-893F-27FA30EC9194}.Release|Any CPU.Build.0 = Release|Any CPU
		{6D4DE607-ABE2-4F09-B488-D34C29E49D95}.Debug|Any CPU.ActiveCfg = Debug|Any CPU
		{6D4DE607-ABE2-4F09-B488-D34C29E49D95}.Debug|Any CPU.Build.0 = Debug|Any CPU
		{6D4DE607-ABE2-4F09-B488-D34C29E49D95}.Release|Any CPU.ActiveCfg = Release|Any CPU
		{6D4DE607-ABE2-4F09-B488-D34C29E49D95}.Release|Any CPU.Build.0 = Release|Any CPU
		{F966E50E-EDA6-4A82-A2CB-202A74C05982}.Debug|Any CPU.ActiveCfg = Debug|Any CPU
		{F966E50E-EDA6-4A82-A2CB-202A74C05982}.Debug|Any CPU.Build.0 = Debug|Any CPU
		{F966E50E-EDA6-4A82-A2CB-202A74C05982}.Release|Any CPU.ActiveCfg = Release|Any CPU
		{F966E50E-EDA6-4A82-A2CB-202A74C05982}.Release|Any CPU.Build.0 = Release|Any CPU
		{920B2D32-BB7F-4BA0-B799-85777B1A7B2D}.Debug|Any CPU.ActiveCfg = Debug|Any CPU
		{920B2D32-BB7F-4BA0-B799-85777B1A7B2D}.Debug|Any CPU.Build.0 = Debug|Any CPU
		{920B2D32-BB7F-4BA0-B799-85777B1A7B2D}.Release|Any CPU.ActiveCfg = Release|Any CPU
		{920B2D32-BB7F-4BA0-B799-85777B1A7B2D}.Release|Any CPU.Build.0 = Release|Any CPU
		{21604E55-7D79-4DBA-AADF-D418DD40B433}.Debug|Any CPU.ActiveCfg = Debug|Any CPU
		{21604E55-7D79-4DBA-AADF-D418DD40B433}.Debug|Any CPU.Build.0 = Debug|Any CPU
		{21604E55-7D79-4DBA-AADF-D418DD40B433}.Release|Any CPU.ActiveCfg = Release|Any CPU
		{21604E55-7D79-4DBA-AADF-D418DD40B433}.Release|Any CPU.Build.0 = Release|Any CPU
		{2E127ECF-740E-4E85-8DCE-A8C63777EA77}.Debug|Any CPU.ActiveCfg = Debug|Any CPU
		{2E127ECF-740E-4E85-8DCE-A8C63777EA77}.Debug|Any CPU.Build.0 = Debug|Any CPU
		{2E127ECF-740E-4E85-8DCE-A8C63777EA77}.Release|Any CPU.ActiveCfg = Release|Any CPU
		{2E127ECF-740E-4E85-8DCE-A8C63777EA77}.Release|Any CPU.Build.0 = Release|Any CPU
	EndGlobalSection
	GlobalSection(SolutionProperties) = preSolution
		HideSolutionNode = FALSE
	EndGlobalSection
	GlobalSection(NestedProjects) = preSolution
		{E69BA1D8-64BA-4D6C-BAE7-BCC1674A944F} = {05779C64-4BF0-422D-8BAD-0161818B0B8B}
		{C4C64CC2-D619-419D-893F-27FA30EC9194} = {BF986E77-D7A1-41B7-BB3F-9FE81F418B4F}
		{6D4DE607-ABE2-4F09-B488-D34C29E49D95} = {64944318-592F-48C3-9989-CC31430EBC5B}
		{F966E50E-EDA6-4A82-A2CB-202A74C05982} = {64944318-592F-48C3-9989-CC31430EBC5B}
		{D377E319-707A-4048-99C9-236298D9A503} = {49B6F41C-8B50-4D14-8446-817C4CE0C609}
		{E5EB670C-EFFA-49A2-9623-5F82057FA610} = {D377E319-707A-4048-99C9-236298D9A503}
		{920B2D32-BB7F-4BA0-B799-85777B1A7B2D} = {E5EB670C-EFFA-49A2-9623-5F82057FA610}
		{21604E55-7D79-4DBA-AADF-D418DD40B433} = {E5EB670C-EFFA-49A2-9623-5F82057FA610}
		{0A81879B-F087-4B72-936F-36303427B7AE} = {EF8F72D5-B788-4A0B-A24B-C730FC23AEF8}
		{2E127ECF-740E-4E85-8DCE-A8C63777EA77} = {0A81879B-F087-4B72-936F-36303427B7AE}
	EndGlobalSection
	GlobalSection(ExtensibilityGlobals) = postSolution
		SolutionGuid = {13A21A62-A45B-4E07-B360-99D5E813880E}
	EndGlobalSection
EndGlobal
